
Microsoft Visual Studio Solution File, Format Version 12.00
# Visual Studio Version 16
VisualStudioVersion = 16.0.31112.23
MinimumVisualStudioVersion = 10.0.40219.1
Project("{9A19103F-16F7-4668-BE54-9A1E7A4F7556}") = "Identity", "Identity\Identity.csproj", "{881A68A2-C2D9-4D6B-9D78-32FA263AC6E6}"
EndProject
Project("{9A19103F-16F7-4668-BE54-9A1E7A4F7556}") = "API", "API\API.csproj", "{889BD9BB-2AC4-4FD4-82BD-65FEC8D61BD1}"
EndProject
Project("{FAE04EC0-301F-11D3-BF4B-00C04F79EFBC}") = "DesktopApp", "DesktopApp\DesktopApp.csproj", "{7147BD05-1C87-45E3-9941-DF53A2635D5C}"
EndProject
Project("{FAE04EC0-301F-11D3-BF4B-00C04F79EFBC}") = "Common", "Common\Common.csproj", "{1A4BCF5B-F9FC-4446-8E7E-BBC3AE2AB259}"
EndProject
Global
	GlobalSection(SolutionConfigurationPlatforms) = preSolution
		Debug|Any CPU = Debug|Any CPU
		Release|Any CPU = Release|Any CPU
	EndGlobalSection
	GlobalSection(ProjectConfigurationPlatforms) = postSolution
		{881A68A2-C2D9-4D6B-9D78-32FA263AC6E6}.Debug|Any CPU.ActiveCfg = Debug|Any CPU
		{881A68A2-C2D9-4D6B-9D78-32FA263AC6E6}.Debug|Any CPU.Build.0 = Debug|Any CPU
		{881A68A2-C2D9-4D6B-9D78-32FA263AC6E6}.Release|Any CPU.ActiveCfg = Release|Any CPU
		{881A68A2-C2D9-4D6B-9D78-32FA263AC6E6}.Release|Any CPU.Build.0 = Release|Any CPU
		{889BD9BB-2AC4-4FD4-82BD-65FEC8D61BD1}.Debug|Any CPU.ActiveCfg = Debug|Any CPU
		{889BD9BB-2AC4-4FD4-82BD-65FEC8D61BD1}.Debug|Any CPU.Build.0 = Debug|Any CPU
		{889BD9BB-2AC4-4FD4-82BD-65FEC8D61BD1}.Release|Any CPU.ActiveCfg = Release|Any CPU
		{889BD9BB-2AC4-4FD4-82BD-65FEC8D61BD1}.Release|Any CPU.Build.0 = Release|Any CPU
		{7147BD05-1C87-45E3-9941-DF53A2635D5C}.Debug|Any CPU.ActiveCfg = Debug|Any CPU
		{7147BD05-1C87-45E3-9941-DF53A2635D5C}.Debug|Any CPU.Build.0 = Debug|Any CPU
		{7147BD05-1C87-45E3-9941-DF53A2635D5C}.Release|Any CPU.ActiveCfg = Release|Any CPU
		{7147BD05-1C87-45E3-9941-DF53A2635D5C}.Release|Any CPU.Build.0 = Release|Any CPU
		{1A4BCF5B-F9FC-4446-8E7E-BBC3AE2AB259}.Debug|Any CPU.ActiveCfg = Debug|Any CPU
		{1A4BCF5B-F9FC-4446-8E7E-BBC3AE2AB259}.Debug|Any CPU.Build.0 = Debug|Any CPU
		{1A4BCF5B-F9FC-4446-8E7E-BBC3AE2AB259}.Release|Any CPU.ActiveCfg = Release|Any CPU
		{1A4BCF5B-F9FC-4446-8E7E-BBC3AE2AB259}.Release|Any CPU.Build.0 = Release|Any CPU
	EndGlobalSection
	GlobalSection(SolutionProperties) = preSolution
		HideSolutionNode = FALSE
	EndGlobalSection
	GlobalSection(ExtensibilityGlobals) = postSolution
		SolutionGuid = {98C3DE48-5C10-442A-8862-5EE5CBC1EA9F}
	EndGlobalSection
EndGlobal
